
Microsoft Visual Studio Solution File, Format Version 12.00
# Visual Studio 14
VisualStudioVersion = 14.0.24720.0
MinimumVisualStudioVersion = 10.0.40219.1
Project("{FAE04EC0-301F-11D3-BF4B-00C04F79EFBC}") = "Assembler-SIC", "Assembler-SIC\Assembler-SIC.csproj", "{D330ED74-9010-4DCA-90AB-54612698942D}"
EndProject
Project("{FAE04EC0-301F-11D3-BF4B-00C04F79EFBC}") = "UnitTestProject1", "UnitTestProject1\UnitTestProject1.csproj", "{DC321DEC-87E4-4206-B056-BC660EE58686}"
EndProject
Global
	GlobalSection(SolutionConfigurationPlatforms) = preSolution
		Debug|Any CPU = Debug|Any CPU
		Release|Any CPU = Release|Any CPU
	EndGlobalSection
	GlobalSection(ProjectConfigurationPlatforms) = postSolution
		{D330ED74-9010-4DCA-90AB-54612698942D}.Debug|Any CPU.ActiveCfg = Debug|Any CPU
		{D330ED74-9010-4DCA-90AB-54612698942D}.Debug|Any CPU.Build.0 = Debug|Any CPU
		{D330ED74-9010-4DCA-90AB-54612698942D}.Release|Any CPU.ActiveCfg = Release|Any CPU
		{D330ED74-9010-4DCA-90AB-54612698942D}.Release|Any CPU.Build.0 = Release|Any CPU
		{DC321DEC-87E4-4206-B056-BC660EE58686}.Debug|Any CPU.ActiveCfg = Debug|Any CPU
		{DC321DEC-87E4-4206-B056-BC660EE58686}.Debug|Any CPU.Build.0 = Debug|Any CPU
		{DC321DEC-87E4-4206-B056-BC660EE58686}.Release|Any CPU.ActiveCfg = Release|Any CPU
		{DC321DEC-87E4-4206-B056-BC660EE58686}.Release|Any CPU.Build.0 = Release|Any CPU
	EndGlobalSection
	GlobalSection(SolutionProperties) = preSolution
		HideSolutionNode = FALSE
	EndGlobalSection
EndGlobal
